// !$*UTF8*$!
{
	archiveVersion = 1;
	classes = {
	};
	objectVersion = 46;
	objects = {

/* Begin PBXBuildFile section */
		53F0558A1B54669B002AC27D /* AppDelegate.swift in Sources */ = {isa = PBXBuildFile; fileRef = 53F055891B54669B002AC27D /* AppDelegate.swift */; };
		53F0558C1B54669B002AC27D /* ViewController.swift in Sources */ = {isa = PBXBuildFile; fileRef = 53F0558B1B54669B002AC27D /* ViewController.swift */; };
		53F0558F1B54669B002AC27D /* Main.storyboard in Resources */ = {isa = PBXBuildFile; fileRef = 53F0558D1B54669B002AC27D /* Main.storyboard */; };
		53F055921B54669B002AC27D /* Car_Dash.xcdatamodeld in Sources */ = {isa = PBXBuildFile; fileRef = 53F055901B54669B002AC27D /* Car_Dash.xcdatamodeld */; };
		53F055941B54669B002AC27D /* Assets.xcassets in Resources */ = {isa = PBXBuildFile; fileRef = 53F055931B54669B002AC27D /* Assets.xcassets */; };
		53F055971B54669B002AC27D /* LaunchScreen.storyboard in Resources */ = {isa = PBXBuildFile; fileRef = 53F055951B54669B002AC27D /* LaunchScreen.storyboard */; };
/* End PBXBuildFile section */

/* Begin PBXFileReference section */
		53F055861B54669B002AC27D /* Car Dash.app */ = {isa = PBXFileReference; explicitFileType = wrapper.application; includeInIndex = 0; path = "Car Dash.app"; sourceTree = BUILT_PRODUCTS_DIR; };
		53F055891B54669B002AC27D /* AppDelegate.swift */ = {isa = PBXFileReference; lastKnownFileType = sourcecode.swift; path = AppDelegate.swift; sourceTree = "<group>"; };
		53F0558B1B54669B002AC27D /* ViewController.swift */ = {isa = PBXFileReference; lastKnownFileType = sourcecode.swift; path = ViewController.swift; sourceTree = "<group>"; };
		53F0558E1B54669B002AC27D /* Base */ = {isa = PBXFileReference; lastKnownFileType = file.storyboard; name = Base; path = Base.lproj/Main.storyboard; sourceTree = "<group>"; };
		53F055911B54669B002AC27D /* Car_Dash.xcdatamodel */ = {isa = PBXFileReference; lastKnownFileType = wrapper.xcdatamodel; path = Car_Dash.xcdatamodel; sourceTree = "<group>"; };
		53F055931B54669B002AC27D /* Assets.xcassets */ = {isa = PBXFileReference; lastKnownFileType = folder.assetcatalog; path = Assets.xcassets; sourceTree = "<group>"; };
		53F055961B54669B002AC27D /* Base */ = {isa = PBXFileReference; lastKnownFileType = file.storyboard; name = Base; path = Base.lproj/LaunchScreen.storyboard; sourceTree = "<group>"; };
		53F055981B54669B002AC27D /* Info.plist */ = {isa = PBXFileReference; lastKnownFileType = text.plist.xml; path = Info.plist; sourceTree = "<group>"; };
/* End PBXFileReference section */

/* Begin PBXFrameworksBuildPhase section */
		53F055831B54669B002AC27D /* Frameworks */ = {
			isa = PBXFrameworksBuildPhase;
			buildActionMask = 2147483647;
			files = (
			);
			runOnlyForDeploymentPostprocessing = 0;
		};
/* End PBXFrameworksBuildPhase section */

/* Begin PBXGroup section */
		53F0557D1B54669B002AC27D = {
			isa = PBXGroup;
			children = (
				53F055881B54669B002AC27D /* Car Dash */,
				53F055871B54669B002AC27D /* Products */,
			);
			sourceTree = "<group>";
		};
		53F055871B54669B002AC27D /* Products */ = {
			isa = PBXGroup;
			children = (
				53F055861B54669B002AC27D /* Car Dash.app */,
			);
			name = Products;
			sourceTree = "<group>";
		};
		53F055881B54669B002AC27D /* Car Dash */ = {
			isa = PBXGroup;
			children = (
				53F055891B54669B002AC27D /* AppDelegate.swift */,
				53F0558B1B54669B002AC27D /* ViewController.swift */,
				53F0558D1B54669B002AC27D /* Main.storyboard */,
				53F055931B54669B002AC27D /* Assets.xcassets */,
				53F055951B54669B002AC27D /* LaunchScreen.storyboard */,
				53F055981B54669B002AC27D /* Info.plist */,
				53F055901B54669B002AC27D /* Car_Dash.xcdatamodeld */,
			);
			path = "Car Dash";
			sourceTree = "<group>";
		};
/* End PBXGroup section */

/* Begin PBXNativeTarget section */
		53F055851B54669B002AC27D /* Car Dash */ = {
			isa = PBXNativeTarget;
			buildConfigurationList = 53F0559B1B54669B002AC27D /* Build configuration list for PBXNativeTarget "Car Dash" */;
			buildPhases = (
				53F055821B54669B002AC27D /* Sources */,
				53F055831B54669B002AC27D /* Frameworks */,
				53F055841B54669B002AC27D /* Resources */,
			);
			buildRules = (
			);
			dependencies = (
			);
			name = "Car Dash";
			productName = "Car Dash";
			productReference = 53F055861B54669B002AC27D /* Car Dash.app */;
			productType = "com.apple.product-type.application";
		};
/* End PBXNativeTarget section */

/* Begin PBXProject section */
		53F0557E1B54669B002AC27D /* Project object */ = {
			isa = PBXProject;
			attributes = {
				LastUpgradeCheck = 0700;
				ORGANIZATIONNAME = "Micah Wilson";
				TargetAttributes = {
					53F055851B54669B002AC27D = {
						CreatedOnToolsVersion = 7.0;
					};
				};
			};
			buildConfigurationList = 53F055811B54669B002AC27D /* Build configuration list for PBXProject "Car Dash" */;
			compatibilityVersion = "Xcode 3.2";
			developmentRegion = English;
			hasScannedForEncodings = 0;
			knownRegions = (
				en,
				Base,
			);
			mainGroup = 53F0557D1B54669B002AC27D;
			productRefGroup = 53F055871B54669B002AC27D /* Products */;
			projectDirPath = "";
			projectRoot = "";
			targets = (
				53F055851B54669B002AC27D /* Car Dash */,
			);
		};
/* End PBXProject section */

/* Begin PBXResourcesBuildPhase section */
		53F055841B54669B002AC27D /* Resources */ = {
			isa = PBXResourcesBuildPhase;
			buildActionMask = 2147483647;
			files = (
				53F055971B54669B002AC27D /* LaunchScreen.storyboard in Resources */,
				53F055941B54669B002AC27D /* Assets.xcassets in Resources */,
				53F0558F1B54669B002AC27D /* Main.storyboard in Resources */,
			);
			runOnlyForDeploymentPostprocessing = 0;
		};
/* End PBXResourcesBuildPhase section */

/* Begin PBXSourcesBuildPhase section */
		53F055821B54669B002AC27D /* Sources */ = {
			isa = PBXSourcesBuildPhase;
			buildActionMask = 2147483647;
			files = (
				53F0558C1B54669B002AC27D /* ViewController.swift in Sources */,
				53F055921B54669B002AC27D /* Car_Dash.xcdatamodeld in Sources */,
				53F0558A1B54669B002AC27D /* AppDelegate.swift in Sources */,
			);
			runOnlyForDeploymentPostprocessing = 0;
		};
/* End PBXSourcesBuildPhase section */

/* Begin PBXVariantGroup section */
		53F0558D1B54669B002AC27D /* Main.storyboard */ = {
			isa = PBXVariantGroup;
			children = (
				53F0558E1B54669B002AC27D /* Base */,
			);
			name = Main.storyboard;
			sourceTree = "<group>";
		};
		53F055951B54669B002AC27D /* LaunchScreen.storyboard */ = {
			isa = PBXVariantGroup;
			children = (
				53F055961B54669B002AC27D /* Base */,
			);
			name = LaunchScreen.storyboard;
			sourceTree = "<group>";
		};
/* End PBXVariantGroup section */

/* Begin XCBuildConfiguration section */
		53F055991B54669B002AC27D /* Debug */ = {
			isa = XCBuildConfiguration;
			buildSettings = {
				ALWAYS_SEARCH_USER_PATHS = NO;
				CLANG_CXX_LANGUAGE_STANDARD = "gnu++0x";
				CLANG_CXX_LIBRARY = "libc++";
				CLANG_ENABLE_MODULES = YES;
				CLANG_ENABLE_OBJC_ARC = YES;
				CLANG_WARN_BOOL_CONVERSION = YES;
				CLANG_WARN_CONSTANT_CONVERSION = YES;
				CLANG_WARN_DIRECT_OBJC_ISA_USAGE = YES_ERROR;
				CLANG_WARN_EMPTY_BODY = YES;
				CLANG_WARN_ENUM_CONVERSION = YES;
				CLANG_WARN_INT_CONVERSION = YES;
				CLANG_WARN_OBJC_ROOT_CLASS = YES_ERROR;
				CLANG_WARN_UNREACHABLE_CODE = YES;
				CLANG_WARN__DUPLICATE_METHOD_MATCH = YES;
				"CODE_SIGN_IDENTITY[sdk=iphoneos*]" = "iPhone Developer";
				COPY_PHASE_STRIP = NO;
				DEBUG_INFORMATION_FORMAT = dwarf;
				ENABLE_STRICT_OBJC_MSGSEND = YES;
				ENABLE_TESTABILITY = YES;
				GCC_C_LANGUAGE_STANDARD = gnu99;
				GCC_DYNAMIC_NO_PIC = NO;
				GCC_NO_COMMON_BLOCKS = YES;
				GCC_OPTIMIZATION_LEVEL = 0;
				GCC_PREPROCESSOR_DEFINITIONS = (
					"DEBUG=1",
					"$(inherited)",
				);
				GCC_WARN_64_TO_32_BIT_CONVERSION = YES;
				GCC_WARN_ABOUT_RETURN_TYPE = YES_ERROR;
				GCC_WARN_UNDECLARED_SELECTOR = YES;
				GCC_WARN_UNINITIALIZED_AUTOS = YES_AGGRESSIVE;
				GCC_WARN_UNUSED_FUNCTION = YES;
				GCC_WARN_UNUSED_VARIABLE = YES;
				IPHONEOS_DEPLOYMENT_TARGET = 9.0;
				MTL_ENABLE_DEBUG_INFO = YES;
				ONLY_ACTIVE_ARCH = YES;
				SDKROOT = iphoneos;
				SWIFT_OPTIMIZATION_LEVEL = "-Onone";
				TARGETED_DEVICE_FAMILY = 2;
			};
			name = Debug;
		};
		53F0559A1B54669B002AC27D /* Release */ = {
			isa = XCBuildConfiguration;
			buildSettings = {
				ALWAYS_SEARCH_USER_PATHS = NO;
				CLANG_CXX_LANGUAGE_STANDARD = "gnu++0x";
				CLANG_CXX_LIBRARY = "libc++";
				CLANG_ENABLE_MODULES = YES;
				CLANG_ENABLE_OBJC_ARC = YES;
				CLANG_WARN_BOOL_CONVERSION = YES;
				CLANG_WARN_CONSTANT_CONVERSION = YES;
				CLANG_WARN_DIRECT_OBJC_ISA_USAGE = YES_ERROR;
				CLANG_WARN_EMPTY_BODY = YES;
				CLANG_WARN_ENUM_CONVERSION = YES;
				CLANG_WARN_INT_CONVERSION = YES;
				CLANG_WARN_OBJC_ROOT_CLASS = YES_ERROR;
				CLANG_WARN_UNREACHABLE_CODE = YES;
				CLANG_WARN__DUPLICATE_METHOD_MATCH = YES;
				"CODE_SIGN_IDENTITY[sdk=iphoneos*]" = "iPhone Developer";
				COPY_PHASE_STRIP = NO;
				DEBUG_INFORMATION_FORMAT = "dwarf-with-dsym";
				ENABLE_NS_ASSERTIONS = NO;
				ENABLE_STRICT_OBJC_MSGSEND = YES;
				GCC_C_LANGUAGE_STANDARD = gnu99;
				GCC_NO_COMMON_BLOCKS = YES;
				GCC_WARN_64_TO_32_BIT_CONVERSION = YES;
				GCC_WARN_ABOUT_RETURN_TYPE = YES_ERROR;
				GCC_WARN_UNDECLARED_SELECTOR = YES;
				GCC_WARN_UNINITIALIZED_AUTOS = YES_AGGRESSIVE;
				GCC_WARN_UNUSED_FUNCTION = YES;
				GCC_WARN_UNUSED_VARIABLE = YES;
				IPHONEOS_DEPLOYMENT_TARGET = 9.0;
				MTL_ENABLE_DEBUG_INFO = NO;
				SDKROOT = iphoneos;
				TARGETED_DEVICE_FAMILY = 2;
				VALIDATE_PRODUCT = YES;
			};
			name = Release;
		};
		53F0559C1B54669B002AC27D /* Debug */ = {
			isa = XCBuildConfiguration;
			buildSettings = {
				ASSETCATALOG_COMPILER_APPICON_NAME = AppIcon;
				INFOPLIST_FILE = "Car Dash/Info.plist";
				LD_RUNPATH_SEARCH_PATHS = "$(inherited) @executable_path/Frameworks";
				PRODUCT_BUNDLE_IDENTIFIER = "MTC.Car-Dash";
				PRODUCT_NAME = "$(TARGET_NAME)";
			};
			name = Debug;
		};
		53F0559D1B54669B002AC27D /* Release */ = {
			isa = XCBuildConfiguration;
			buildSettings = {
				ASSETCATALOG_COMPILER_APPICON_NAME = AppIcon;
				INFOPLIST_FILE = "Car Dash/Info.plist";
				LD_RUNPATH_SEARCH_PATHS = "$(inherited) @executable_path/Frameworks";
				PRODUCT_BUNDLE_IDENTIFIER = "MTC.Car-Dash";
				PRODUCT_NAME = "$(TARGET_NAME)";
			};
			name = Release;
		};
/* End XCBuildConfiguration section */

/* Begin XCConfigurationList section */
		53F055811B54669B002AC27D /* Build configuration list for PBXProject "Car Dash" */ = {
			isa = XCConfigurationList;
			buildConfigurations = (
				53F055991B54669B002AC27D /* Debug */,
				53F0559A1B54669B002AC27D /* Release */,
			);
			defaultConfigurationIsVisible = 0;
			defaultConfigurationName = Release;
		};
		53F0559B1B54669B002AC27D /* Build configuration list for PBXNativeTarget "Car Dash" */ = {
			isa = XCConfigurationList;
			buildConfigurations = (
				53F0559C1B54669B002AC27D /* Debug */,
				53F0559D1B54669B002AC27D /* Release */,
			);
			defaultConfigurationIsVisible = 0;
		};
/* End XCConfigurationList section */

/* Begin XCVersionGroup section */
		53F055901B54669B002AC27D /* Car_Dash.xcdatamodeld */ = {
			isa = XCVersionGroup;
			children = (
				53F055911B54669B002AC27D /* Car_Dash.xcdatamodel */,
			);
			currentVersion = 53F055911B54669B002AC27D /* Car_Dash.xcdatamodel */;
			path = Car_Dash.xcdatamodeld;
			sourceTree = "<group>";
			versionGroupType = wrapper.xcdatamodel;
		};
/* End XCVersionGroup section */
	};
	rootObject = 53F0557E1B54669B002AC27D /* Project object */;
}
